# This file is generated by running "yarn install" inside your project.
# Manual changes might be lost - proceed with caution!

__metadata:
  version: 5
  cacheKey: 8

"hinge-co-dating-analysis@workspace:.":
  version: 0.0.0-use.local
  resolution: "hinge-co-dating-analysis@workspace:."
  dependencies:
    plotly: ^1.0.6
    typescript: latest
  languageName: unknown
  linkType: soft

"minimist@npm:^1.2.5":
  version: 1.2.5
  resolution: "minimist@npm:1.2.5"
  checksum: 86706ce5b36c16bfc35c5fe3dbb01d5acdc9a22f2b6cc810b6680656a1d2c0e44a0159c9a3ba51fb072bb5c203e49e10b51dcd0eec39c481f4c42086719bae52
  languageName: node
  linkType: hard

"mkdirp@npm:~0.5.0":
  version: 0.5.5
  resolution: "mkdirp@npm:0.5.5"
  dependencies:
    minimist: ^1.2.5
  bin:
    mkdirp: bin/cmd.js
  checksum: 3bce20ea525f9477befe458ab85284b0b66c8dc3812f94155af07c827175948cdd8114852ac6c6d82009b13c1048c37f6d98743eb019651ee25c39acc8aabe7d
  languageName: node
  linkType: hard

"plotly@npm:^1.0.6":
  version: 1.0.6
  resolution: "plotly@npm:1.0.6"
  dependencies:
    mkdirp: ~0.5.0
  checksum: 218b0babfd52c937d41ad3d9c0d9fe4d82d1aacc05f32b9e686b5cd510c146a3926dd87a887674962aed9fbc86c98de9de9209b08a6db7ab875520a0e85819d5
  languageName: node
  linkType: hard

"typescript@npm:latest":
  version: 4.5.2
  resolution: "typescript@npm:4.5.2"
  bin:
    tsc: bin/tsc
    tsserver: bin/tsserver
  checksum: 74f9ce65d532bdf5d0214b3f60cf37992180023388c87a11ee6f838a803067ef0b63c600fa501b0deb07f989257dce1e244c9635ed79feca40bbccf6e0aa1ebc
  languageName: node
  linkType: hard

"typescript@patch:typescript@latest#~builtin<compat/typescript>":
  version: 4.5.2
  resolution: "typescript@patch:typescript@npm%3A4.5.2#~builtin<compat/typescript>::version=4.5.2&hash=493e53"
  bin:
    tsc: bin/tsc
    tsserver: bin/tsserver
  checksum: 53838d56aba6fcc947d63aa0771e5d966b1b648fddafed6e221d7f38c71219c4e036ece8cfe9e35ed80cf5a35ff4eb958934c993f99c3233773ec4f9ccd53f69
  languageName: node
  linkType: hard
